
Microsoft Visual Studio Solution File, Format Version 12.00
# Visual Studio Version 16
VisualStudioVersion = 16.0.29920.165
MinimumVisualStudioVersion = 10.0.40219.1
Project("{FAE04EC0-301F-11D3-BF4B-00C04F79EFBC}") = "tut4", "tut4.csproj", "{73668B93-53BC-4E5A-84B8-0456736D408C}"
EndProject
Global
	GlobalSection(SolutionConfigurationPlatforms) = preSolution
		Debug|Any CPU = Debug|Any CPU
		Release|Any CPU = Release|Any CPU
	EndGlobalSection
	GlobalSection(ProjectConfigurationPlatforms) = postSolution
		{73668B93-53BC-4E5A-84B8-0456736D408C}.Debug|Any CPU.ActiveCfg = Debug|Any CPU
		{73668B93-53BC-4E5A-84B8-0456736D408C}.Debug|Any CPU.Build.0 = Debug|Any CPU
		{73668B93-53BC-4E5A-84B8-0456736D408C}.Release|Any CPU.ActiveCfg = Release|Any CPU
		{73668B93-53BC-4E5A-84B8-0456736D408C}.Release|Any CPU.Build.0 = Release|Any CPU
	EndGlobalSection
	GlobalSection(SolutionProperties) = preSolution
		HideSolutionNode = FALSE
	EndGlobalSection
	GlobalSection(ExtensibilityGlobals) = postSolution
		SolutionGuid = {84C251F9-D611-4479-AB3C-D419B6E17A65}
	EndGlobalSection
EndGlobal
